Microsoft Visual Studio Solution File, Format Version 12.00
# Visual Studio Version 17
VisualStudioVersion = 17.5.2.0
MinimumVisualStudioVersion = 10.0.40219.1
Project("{FAE04EC0-301F-11D3-BF4B-00C04F79EFBC}") = "NowPlayingPopup", "NowPlayingPopup.csproj", "{80F9BA90-8C3A-39B9-67C7-89BF169EA103}"
EndProject
Global
	GlobalSection(SolutionConfigurationPlatforms) = preSolution
		Debug|Any CPU = Debug|Any CPU
		Release|Any CPU = Release|Any CPU
	EndGlobalSection
	GlobalSection(ProjectConfigurationPlatforms) = postSolution
		{80F9BA90-8C3A-39B9-67C7-89BF169EA103}.Debug|Any CPU.ActiveCfg = Debug|Any CPU
		{80F9BA90-8C3A-39B9-67C7-89BF169EA103}.Debug|Any CPU.Build.0 = Debug|Any CPU
		{80F9BA90-8C3A-39B9-67C7-89BF169EA103}.Release|Any CPU.ActiveCfg = Release|Any CPU
		{80F9BA90-8C3A-39B9-67C7-89BF169EA103}.Release|Any CPU.Build.0 = Release|Any CPU
	EndGlobalSection
	GlobalSection(SolutionProperties) = preSolution
		HideSolutionNode = FALSE
	EndGlobalSection
	GlobalSection(ExtensibilityGlobals) = postSolution
		SolutionGuid = {40817FCC-D7ED-4B91-B21D-3FF6298463FD}
	EndGlobalSection
EndGlobal
